
Microsoft Visual Studio Solution File, Format Version 12.00
# Visual Studio Version 17
VisualStudioVersion = 17.3.32929.385
MinimumVisualStudioVersion = 10.0.40219.1
Project("{FAE04EC0-301F-11D3-BF4B-00C04F79EFBC}") = "Brainbox.Web", "Brainbox.Web\Brainbox.Web.csproj", "{BB087816-34FC-4728-A10A-D5A54F92F30A}"
EndProject
Project("{FAE04EC0-301F-11D3-BF4B-00C04F79EFBC}") = "Brainbox.Domain", "Brainbox.Domain\Brainbox.Domain.csproj", "{DDADE83D-36E2-4B10-ADF4-A7BD9C633D6F}"
EndProject
Global
	GlobalSection(SolutionConfigurationPlatforms) = preSolution
		Debug|Any CPU = Debug|Any CPU
		Release|Any CPU = Release|Any CPU
	EndGlobalSection
	GlobalSection(ProjectConfigurationPlatforms) = postSolution
		{BB087816-34FC-4728-A10A-D5A54F92F30A}.Debug|Any CPU.ActiveCfg = Debug|Any CPU
		{BB087816-34FC-4728-A10A-D5A54F92F30A}.Debug|Any CPU.Build.0 = Debug|Any CPU
		{BB087816-34FC-4728-A10A-D5A54F92F30A}.Release|Any CPU.ActiveCfg = Release|Any CPU
		{BB087816-34FC-4728-A10A-D5A54F92F30A}.Release|Any CPU.Build.0 = Release|Any CPU
		{DDADE83D-36E2-4B10-ADF4-A7BD9C633D6F}.Debug|Any CPU.ActiveCfg = Debug|Any CPU
		{DDADE83D-36E2-4B10-ADF4-A7BD9C633D6F}.Debug|Any CPU.Build.0 = Debug|Any CPU
		{DDADE83D-36E2-4B10-ADF4-A7BD9C633D6F}.Release|Any CPU.ActiveCfg = Release|Any CPU
		{DDADE83D-36E2-4B10-ADF4-A7BD9C633D6F}.Release|Any CPU.Build.0 = Release|Any CPU
	EndGlobalSection
	GlobalSection(SolutionProperties) = preSolution
		HideSolutionNode = FALSE
	EndGlobalSection
	GlobalSection(ExtensibilityGlobals) = postSolution
		SolutionGuid = {D6609F0D-2ED4-4DE6-A204-67FF548F8B9B}
	EndGlobalSection
EndGlobal
